
Microsoft Visual Studio Solution File, Format Version 12.00
# Visual Studio Version 17
VisualStudioVersion = 17.4.33103.184
MinimumVisualStudioVersion = 10.0.40219.1
Project("{9A19103F-16F7-4668-BE54-9A1E7A4F7556}") = "MongoDbDemo", "MongoDbDemo\MongoDbDemo.csproj", "{86F59D44-7914-4705-921D-FB862F5E69D1}"
EndProject
Project("{2150E333-8FDC-42A3-9474-1A3956D46DE8}") = "Solution Items", "Solution Items", "{A304556E-D202-473C-B37E-8F1F76540C76}"
	ProjectSection(SolutionItems) = preProject
		README.md = README.md
	EndProjectSection
EndProject
Global
	GlobalSection(SolutionConfigurationPlatforms) = preSolution
		Debug|Any CPU = Debug|Any CPU
		Release|Any CPU = Release|Any CPU
	EndGlobalSection
	GlobalSection(ProjectConfigurationPlatforms) = postSolution
		{86F59D44-7914-4705-921D-FB862F5E69D1}.Debug|Any CPU.ActiveCfg = Debug|Any CPU
		{86F59D44-7914-4705-921D-FB862F5E69D1}.Debug|Any CPU.Build.0 = Debug|Any CPU
		{86F59D44-7914-4705-921D-FB862F5E69D1}.Release|Any CPU.ActiveCfg = Release|Any CPU
		{86F59D44-7914-4705-921D-FB862F5E69D1}.Release|Any CPU.Build.0 = Release|Any CPU
	EndGlobalSection
	GlobalSection(SolutionProperties) = preSolution
		HideSolutionNode = FALSE
	EndGlobalSection
	GlobalSection(ExtensibilityGlobals) = postSolution
		SolutionGuid = {940A6968-CA8C-498E-8587-076FD7A9D7FC}
	EndGlobalSection
EndGlobal
